
Microsoft Visual Studio Solution File, Format Version 12.00
# Visual Studio Version 16
VisualStudioVersion = 16.0.30204.51
MinimumVisualStudioVersion = 10.0.40219.1
Project("{FAE04EC0-301F-11D3-BF4B-00C04F79EFBC}") = "Bowling-ball-Amit", "Bowling-ball-Amit\Bowling-ball-Amit.csproj", "{2BE94186-FCF1-4033-ADDD-9698AA0B09CD}"
EndProject
Global
	GlobalSection(SolutionConfigurationPlatforms) = preSolution
		Debug|Any CPU = Debug|Any CPU
		Release|Any CPU = Release|Any CPU
	EndGlobalSection
	GlobalSection(ProjectConfigurationPlatforms) = postSolution
		{2BE94186-FCF1-4033-ADDD-9698AA0B09CD}.Debug|Any CPU.ActiveCfg = Debug|Any CPU
		{2BE94186-FCF1-4033-ADDD-9698AA0B09CD}.Debug|Any CPU.Build.0 = Debug|Any CPU
		{2BE94186-FCF1-4033-ADDD-9698AA0B09CD}.Release|Any CPU.ActiveCfg = Release|Any CPU
		{2BE94186-FCF1-4033-ADDD-9698AA0B09CD}.Release|Any CPU.Build.0 = Release|Any CPU
	EndGlobalSection
	GlobalSection(SolutionProperties) = preSolution
		HideSolutionNode = FALSE
	EndGlobalSection
	GlobalSection(ExtensibilityGlobals) = postSolution
		SolutionGuid = {A02C8077-06C9-4428-A122-14DC0D741C3F}
	EndGlobalSection
EndGlobal
